
Microsoft Visual Studio Solution File, Format Version 12.00
# Visual Studio Version 17
VisualStudioVersion = 17.14.36408.4
MinimumVisualStudioVersion = 10.0.40219.1
Project("{2150E333-8FDC-42A3-9474-1A3956D46DE8}") = "Microservices", "Microservices", "{02EA681E-C7D8-13C7-8484-4AC65E1B71E8}"
EndProject
Project("{2150E333-8FDC-42A3-9474-1A3956D46DE8}") = "Domain", "Domain", "{91F126D1-AA92-4855-814B-E89469D818F3}"
EndProject
Project("{2150E333-8FDC-42A3-9474-1A3956D46DE8}") = "Infra.Bus", "Infra.Bus", "{796438B8-91B4-4C54-AAFB-41C4E7F17577}"
EndProject
Project("{2150E333-8FDC-42A3-9474-1A3956D46DE8}") = "Infra.IoC", "Infra.IoC", "{369CB01D-A1A7-72D2-AABC-3F0945D148A2}"
EndProject
Project("{2150E333-8FDC-42A3-9474-1A3956D46DE8}") = "Presentation", "Presentation", "{800539C4-C49B-4AFB-AF3F-72B43F1B0F10}"
EndProject
Project("{FAE04EC0-301F-11D3-BF4B-00C04F79EFBC}") = "MicroRabbit.Domain.Core", "MicroRabbit.Domain.Core\MicroRabbit.Domain.Core.csproj", "{C33B0A55-536A-407B-88C7-05E39A5DD522}"
EndProject
Project("{FAE04EC0-301F-11D3-BF4B-00C04F79EFBC}") = "MicroRabbit.Infra.Bus", "MicroRabbit.Infra.Bus\MicroRabbit.Infra.Bus.csproj", "{AB9A5074-0D64-4627-823B-129178DF906B}"
EndProject
Project("{FAE04EC0-301F-11D3-BF4B-00C04F79EFBC}") = "MicroRabbit.Infra.IoC", "MicroRabbit.Infra.IoC\MicroRabbit.Infra.IoC.csproj", "{AC4526D6-1BDA-441C-88DE-73AD613064E1}"
EndProject
Project("{2150E333-8FDC-42A3-9474-1A3956D46DE8}") = "Banking", "Banking", "{0ACCB899-A61F-48A9-8D65-9A7E3CEB055F}"
EndProject
Project("{2150E333-8FDC-42A3-9474-1A3956D46DE8}") = "Api", "Api", "{6DD7069D-3759-4C97-BA40-24A7835FA8DA}"
EndProject
Project("{2150E333-8FDC-42A3-9474-1A3956D46DE8}") = "Application", "Application", "{D35D2177-02A8-48A1-B80F-FC087BB615CD}"
EndProject
Project("{2150E333-8FDC-42A3-9474-1A3956D46DE8}") = "Domain", "Domain", "{F1EFC15A-B030-4BDF-9D8C-B7197DE08BD7}"
EndProject
Project("{2150E333-8FDC-42A3-9474-1A3956D46DE8}") = "Data", "Data", "{FD829DAB-F84E-40B8-BC34-C20D53A30CE8}"
EndProject
Project("{FAE04EC0-301F-11D3-BF4B-00C04F79EFBC}") = "MicroRabbit.Banking.Api", "MicroRabbit.Banking.Api\MicroRabbit.Banking.Api.csproj", "{8F7F2898-55EF-4C4D-BD6D-CCBDEEFCC6E7}"
EndProject
Project("{FAE04EC0-301F-11D3-BF4B-00C04F79EFBC}") = "MicroRabbit.Banking.Application", "MicroRabbit.Banking.Application\MicroRabbit.Banking.Application.csproj", "{83B0D3A0-2A31-4EBB-9F26-C4FCE2EAD7BC}"
EndProject
Project("{FAE04EC0-301F-11D3-BF4B-00C04F79EFBC}") = "Microrabbit.Banking.Data", "Microrabbit.Banking.Data\Microrabbit.Banking.Data.csproj", "{E65F03C4-EC54-46FC-A237-799FDC1C7D6C}"
EndProject
Project("{FAE04EC0-301F-11D3-BF4B-00C04F79EFBC}") = "MicroRabbit.Banking.Domain", "MicroRabbit.Banking.Domain\MicroRabbit.Banking.Domain.csproj", "{52596A5B-C4DA-4E49-9EF4-42622667B066}"
EndProject
Project("{2150E333-8FDC-42A3-9474-1A3956D46DE8}") = "Transfer", "Transfer", "{89856295-2329-4A30-AE25-283520E23B20}"
EndProject
Project("{2150E333-8FDC-42A3-9474-1A3956D46DE8}") = "Api", "Api", "{0E7AA0C0-FAD5-47DE-A26D-439486151359}"
EndProject
Project("{2150E333-8FDC-42A3-9474-1A3956D46DE8}") = "Application", "Application", "{180BE947-3508-4B08-9119-BCE894DF24DF}"
EndProject
Project("{2150E333-8FDC-42A3-9474-1A3956D46DE8}") = "Data", "Data", "{2BAA8B3D-7FC0-4F4E-9963-CE2BE939407C}"
EndProject
Project("{2150E333-8FDC-42A3-9474-1A3956D46DE8}") = "Domain", "Domain", "{8829AF92-A1FB-4574-B7B7-E1942193B6BB}"
EndProject
Project("{FAE04EC0-301F-11D3-BF4B-00C04F79EFBC}") = "MicroRabbit.Transfer.Api", "MicroRabbit.Transfer.Api\MicroRabbit.Transfer.Api.csproj", "{8441F75E-3DDD-4742-925B-34629B32C646}"
EndProject
Project("{FAE04EC0-301F-11D3-BF4B-00C04F79EFBC}") = "MicroRabbit.Transfer.Application", "MicroRabbit.Transfer.Application\MicroRabbit.Transfer.Application.csproj", "{02ECCC01-F257-4FC2-901F-6C48DFD67016}"
EndProject
Project("{FAE04EC0-301F-11D3-BF4B-00C04F79EFBC}") = "MicroRabbit.Transfer.Data", "MicroRabbit.Transfer.Domain\MicroRabbit.Transfer.Data.csproj", "{7D7CF7D0-443E-4A3A-97EC-C58B724A43C3}"
EndProject
Project("{FAE04EC0-301F-11D3-BF4B-00C04F79EFBC}") = "MicroRabbit.Transfer.Domain", "MicroRabbit.Transfer.Data\MicroRabbit.Transfer.Domain.csproj", "{EA128287-9783-4349-A30D-E515F2BFDFFC}"
EndProject
Project("{FAE04EC0-301F-11D3-BF4B-00C04F79EFBC}") = "MicroRabbit.MVC", "MicroRabbit.MVC\MicroRabbit.MVC.csproj", "{F59135A4-C34B-4478-99FD-8E317275639F}"
EndProject
Global
	GlobalSection(SolutionConfigurationPlatforms) = preSolution
		Debug|Any CPU = Debug|Any CPU
		Release|Any CPU = Release|Any CPU
	EndGlobalSection
	GlobalSection(ProjectConfigurationPlatforms) = postSolution
		{C33B0A55-536A-407B-88C7-05E39A5DD522}.Debug|Any CPU.ActiveCfg = Debug|Any CPU
		{C33B0A55-536A-407B-88C7-05E39A5DD522}.Debug|Any CPU.Build.0 = Debug|Any CPU
		{C33B0A55-536A-407B-88C7-05E39A5DD522}.Release|Any CPU.ActiveCfg = Release|Any CPU
		{C33B0A55-536A-407B-88C7-05E39A5DD522}.Release|Any CPU.Build.0 = Release|Any CPU
		{AB9A5074-0D64-4627-823B-129178DF906B}.Debug|Any CPU.ActiveCfg = Debug|Any CPU
		{AB9A5074-0D64-4627-823B-129178DF906B}.Debug|Any CPU.Build.0 = Debug|Any CPU
		{AB9A5074-0D64-4627-823B-129178DF906B}.Release|Any CPU.ActiveCfg = Release|Any CPU
		{AB9A5074-0D64-4627-823B-129178DF906B}.Release|Any CPU.Build.0 = Release|Any CPU
		{AC4526D6-1BDA-441C-88DE-73AD613064E1}.Debug|Any CPU.ActiveCfg = Debug|Any CPU
		{AC4526D6-1BDA-441C-88DE-73AD613064E1}.Debug|Any CPU.Build.0 = Debug|Any CPU
		{AC4526D6-1BDA-441C-88DE-73AD613064E1}.Release|Any CPU.ActiveCfg = Release|Any CPU
		{AC4526D6-1BDA-441C-88DE-73AD613064E1}.Release|Any CPU.Build.0 = Release|Any CPU
		{8F7F2898-55EF-4C4D-BD6D-CCBDEEFCC6E7}.Debug|Any CPU.ActiveCfg = Debug|Any CPU
		{8F7F2898-55EF-4C4D-BD6D-CCBDEEFCC6E7}.Debug|Any CPU.Build.0 = Debug|Any CPU
		{8F7F2898-55EF-4C4D-BD6D-CCBDEEFCC6E7}.Release|Any CPU.ActiveCfg = Release|Any CPU
		{8F7F2898-55EF-4C4D-BD6D-CCBDEEFCC6E7}.Release|Any CPU.Build.0 = Release|Any CPU
		{83B0D3A0-2A31-4EBB-9F26-C4FCE2EAD7BC}.Debug|Any CPU.ActiveCfg = Debug|Any CPU
		{83B0D3A0-2A31-4EBB-9F26-C4FCE2EAD7BC}.Debug|Any CPU.Build.0 = Debug|Any CPU
		{83B0D3A0-2A31-4EBB-9F26-C4FCE2EAD7BC}.Release|Any CPU.ActiveCfg = Release|Any CPU
		{83B0D3A0-2A31-4EBB-9F26-C4FCE2EAD7BC}.Release|Any CPU.Build.0 = Release|Any CPU
		{E65F03C4-EC54-46FC-A237-799FDC1C7D6C}.Debug|Any CPU.ActiveCfg = Debug|Any CPU
		{E65F03C4-EC54-46FC-A237-799FDC1C7D6C}.Debug|Any CPU.Build.0 = Debug|Any CPU
		{E65F03C4-EC54-46FC-A237-799FDC1C7D6C}.Release|Any CPU.ActiveCfg = Release|Any CPU
		{E65F03C4-EC54-46FC-A237-799FDC1C7D6C}.Release|Any CPU.Build.0 = Release|Any CPU
		{52596A5B-C4DA-4E49-9EF4-42622667B066}.Debug|Any CPU.ActiveCfg = Debug|Any CPU
		{52596A5B-C4DA-4E49-9EF4-42622667B066}.Debug|Any CPU.Build.0 = Debug|Any CPU
		{52596A5B-C4DA-4E49-9EF4-42622667B066}.Release|Any CPU.ActiveCfg = Release|Any CPU
		{52596A5B-C4DA-4E49-9EF4-42622667B066}.Release|Any CPU.Build.0 = Release|Any CPU
		{8441F75E-3DDD-4742-925B-34629B32C646}.Debug|Any CPU.ActiveCfg = Debug|Any CPU
		{8441F75E-3DDD-4742-925B-34629B32C646}.Debug|Any CPU.Build.0 = Debug|Any CPU
		{8441F75E-3DDD-4742-925B-34629B32C646}.Release|Any CPU.ActiveCfg = Release|Any CPU
		{8441F75E-3DDD-4742-925B-34629B32C646}.Release|Any CPU.Build.0 = Release|Any CPU
		{02ECCC01-F257-4FC2-901F-6C48DFD67016}.Debug|Any CPU.ActiveCfg = Debug|Any CPU
		{02ECCC01-F257-4FC2-901F-6C48DFD67016}.Debug|Any CPU.Build.0 = Debug|Any CPU
		{02ECCC01-F257-4FC2-901F-6C48DFD67016}.Release|Any CPU.ActiveCfg = Release|Any CPU
		{02ECCC01-F257-4FC2-901F-6C48DFD67016}.Release|Any CPU.Build.0 = Release|Any CPU
		{7D7CF7D0-443E-4A3A-97EC-C58B724A43C3}.Debug|Any CPU.ActiveCfg = Debug|Any CPU
		{7D7CF7D0-443E-4A3A-97EC-C58B724A43C3}.Debug|Any CPU.Build.0 = Debug|Any CPU
		{7D7CF7D0-443E-4A3A-97EC-C58B724A43C3}.Release|Any CPU.ActiveCfg = Release|Any CPU
		{7D7CF7D0-443E-4A3A-97EC-C58B724A43C3}.Release|Any CPU.Build.0 = Release|Any CPU
		{EA128287-9783-4349-A30D-E515F2BFDFFC}.Debug|Any CPU.ActiveCfg = Debug|Any CPU
		{EA128287-9783-4349-A30D-E515F2BFDFFC}.Debug|Any CPU.Build.0 = Debug|Any CPU
		{EA128287-9783-4349-A30D-E515F2BFDFFC}.Release|Any CPU.ActiveCfg = Release|Any CPU
		{EA128287-9783-4349-A30D-E515F2BFDFFC}.Release|Any CPU.Build.0 = Release|Any CPU
		{F59135A4-C34B-4478-99FD-8E317275639F}.Debug|Any CPU.ActiveCfg = Debug|Any CPU
		{F59135A4-C34B-4478-99FD-8E317275639F}.Debug|Any CPU.Build.0 = Debug|Any CPU
		{F59135A4-C34B-4478-99FD-8E317275639F}.Release|Any CPU.ActiveCfg = Release|Any CPU
		{F59135A4-C34B-4478-99FD-8E317275639F}.Release|Any CPU.Build.0 = Release|Any CPU
	EndGlobalSection
	GlobalSection(SolutionProperties) = preSolution
		HideSolutionNode = FALSE
	EndGlobalSection
	GlobalSection(NestedProjects) = preSolution
		{C33B0A55-536A-407B-88C7-05E39A5DD522} = {91F126D1-AA92-4855-814B-E89469D818F3}
		{AB9A5074-0D64-4627-823B-129178DF906B} = {796438B8-91B4-4C54-AAFB-41C4E7F17577}
		{AC4526D6-1BDA-441C-88DE-73AD613064E1} = {369CB01D-A1A7-72D2-AABC-3F0945D148A2}
		{0ACCB899-A61F-48A9-8D65-9A7E3CEB055F} = {02EA681E-C7D8-13C7-8484-4AC65E1B71E8}
		{6DD7069D-3759-4C97-BA40-24A7835FA8DA} = {0ACCB899-A61F-48A9-8D65-9A7E3CEB055F}
		{D35D2177-02A8-48A1-B80F-FC087BB615CD} = {0ACCB899-A61F-48A9-8D65-9A7E3CEB055F}
		{F1EFC15A-B030-4BDF-9D8C-B7197DE08BD7} = {0ACCB899-A61F-48A9-8D65-9A7E3CEB055F}
		{FD829DAB-F84E-40B8-BC34-C20D53A30CE8} = {0ACCB899-A61F-48A9-8D65-9A7E3CEB055F}
		{8F7F2898-55EF-4C4D-BD6D-CCBDEEFCC6E7} = {6DD7069D-3759-4C97-BA40-24A7835FA8DA}
		{83B0D3A0-2A31-4EBB-9F26-C4FCE2EAD7BC} = {D35D2177-02A8-48A1-B80F-FC087BB615CD}
		{E65F03C4-EC54-46FC-A237-799FDC1C7D6C} = {FD829DAB-F84E-40B8-BC34-C20D53A30CE8}
		{52596A5B-C4DA-4E49-9EF4-42622667B066} = {F1EFC15A-B030-4BDF-9D8C-B7197DE08BD7}
		{89856295-2329-4A30-AE25-283520E23B20} = {02EA681E-C7D8-13C7-8484-4AC65E1B71E8}
		{0E7AA0C0-FAD5-47DE-A26D-439486151359} = {89856295-2329-4A30-AE25-283520E23B20}
		{180BE947-3508-4B08-9119-BCE894DF24DF} = {89856295-2329-4A30-AE25-283520E23B20}
		{2BAA8B3D-7FC0-4F4E-9963-CE2BE939407C} = {89856295-2329-4A30-AE25-283520E23B20}
		{8829AF92-A1FB-4574-B7B7-E1942193B6BB} = {89856295-2329-4A30-AE25-283520E23B20}
		{8441F75E-3DDD-4742-925B-34629B32C646} = {0E7AA0C0-FAD5-47DE-A26D-439486151359}
		{02ECCC01-F257-4FC2-901F-6C48DFD67016} = {180BE947-3508-4B08-9119-BCE894DF24DF}
		{7D7CF7D0-443E-4A3A-97EC-C58B724A43C3} = {2BAA8B3D-7FC0-4F4E-9963-CE2BE939407C}
		{EA128287-9783-4349-A30D-E515F2BFDFFC} = {8829AF92-A1FB-4574-B7B7-E1942193B6BB}
		{F59135A4-C34B-4478-99FD-8E317275639F} = {800539C4-C49B-4AFB-AF3F-72B43F1B0F10}
	EndGlobalSection
	GlobalSection(ExtensibilityGlobals) = postSolution
		SolutionGuid = {148C0892-49C9-4998-84D9-04000AF04A98}
	EndGlobalSection
EndGlobal
