
Microsoft Visual Studio Solution File, Format Version 12.00
# Visual Studio Version 17
VisualStudioVersion = 17.14.36408.4 d17.14
MinimumVisualStudioVersion = 10.0.40219.1
Project("{2150E333-8FDC-42A3-9474-1A3956D46DE8}") = "Microservices", "Microservices", "{02EA681E-C7D8-13C7-8484-4AC65E1B71E8}"
EndProject
Project("{2150E333-8FDC-42A3-9474-1A3956D46DE8}") = "Domain", "Domain", "{91F126D1-AA92-4855-814B-E89469D818F3}"
EndProject
Project("{2150E333-8FDC-42A3-9474-1A3956D46DE8}") = "Infra.Bus", "Infra.Bus", "{796438B8-91B4-4C54-AAFB-41C4E7F17577}"
EndProject
Project("{2150E333-8FDC-42A3-9474-1A3956D46DE8}") = "NewFolder1", "NewFolder1", "{ED4E7983-7D79-4312-96CE-3EDE67F6667F}"
EndProject
Project("{2150E333-8FDC-42A3-9474-1A3956D46DE8}") = "Infra.IoC", "Infra.IoC", "{369CB01D-A1A7-72D2-AABC-3F0945D148A2}"
EndProject
Project("{2150E333-8FDC-42A3-9474-1A3956D46DE8}") = "Presentation", "Presentation", "{800539C4-C49B-4AFB-AF3F-72B43F1B0F10}"
EndProject
Project("{FAE04EC0-301F-11D3-BF4B-00C04F79EFBC}") = "MicroRabbit.Domain.Core", "MicroRabbit.Domain.Core\MicroRabbit.Domain.Core.csproj", "{C33B0A55-536A-407B-88C7-05E39A5DD522}"
EndProject
Global
	GlobalSection(SolutionConfigurationPlatforms) = preSolution
		Debug|Any CPU = Debug|Any CPU
		Release|Any CPU = Release|Any CPU
	EndGlobalSection
	GlobalSection(ProjectConfigurationPlatforms) = postSolution
		{C33B0A55-536A-407B-88C7-05E39A5DD522}.Debug|Any CPU.ActiveCfg = Debug|Any CPU
		{C33B0A55-536A-407B-88C7-05E39A5DD522}.Debug|Any CPU.Build.0 = Debug|Any CPU
		{C33B0A55-536A-407B-88C7-05E39A5DD522}.Release|Any CPU.ActiveCfg = Release|Any CPU
		{C33B0A55-536A-407B-88C7-05E39A5DD522}.Release|Any CPU.Build.0 = Release|Any CPU
	EndGlobalSection
	GlobalSection(SolutionProperties) = preSolution
		HideSolutionNode = FALSE
	EndGlobalSection
	GlobalSection(NestedProjects) = preSolution
		{C33B0A55-536A-407B-88C7-05E39A5DD522} = {91F126D1-AA92-4855-814B-E89469D818F3}
	EndGlobalSection
	GlobalSection(ExtensibilityGlobals) = postSolution
		SolutionGuid = {148C0892-49C9-4998-84D9-04000AF04A98}
	EndGlobalSection
EndGlobal
